// !$*UTF8*$!
{
	archiveVersion = 1;
	classes = {
	};
	objectVersion = 56;
	objects = {

/* Begin PBXBuildFile section */
		EA86D5B42ACAEA8A00A07E3E /* AppDelegate.swift in Sources */ = {isa = PBXBuildFile; fileRef = EA86D5B32ACAEA8A00A07E3E /* AppDelegate.swift */; };
		EA86D5B62ACAEA8A00A07E3E /* SceneDelegate.swift in Sources */ = {isa = PBXBuildFile; fileRef = EA86D5B52ACAEA8A00A07E3E /* SceneDelegate.swift */; };
		EA86D5B82ACAEA8A00A07E3E /* ViewController.swift in Sources */ = {isa = PBXBuildFile; fileRef = EA86D5B72ACAEA8A00A07E3E /* ViewController.swift */; };
		EA86D5BB2ACAEA8A00A07E3E /* Main.storyboard in Resources */ = {isa = PBXBuildFile; fileRef = EA86D5B92ACAEA8A00A07E3E /* Main.storyboard */; };
		EA86D5BD2ACAEA8B00A07E3E /* Assets.xcassets in Resources */ = {isa = PBXBuildFile; fileRef = EA86D5BC2ACAEA8B00A07E3E /* Assets.xcassets */; };
		EA86D5C02ACAEA8B00A07E3E /* LaunchScreen.storyboard in Resources */ = {isa = PBXBuildFile; fileRef = EA86D5BE2ACAEA8B00A07E3E /* LaunchScreen.storyboard */; };
		EA86D5CB2ACAEBBC00A07E3E /* CameraViewModeProtocol.swift in Sources */ = {isa = PBXBuildFile; fileRef = EA86D5CA2ACAEBBB00A07E3E /* CameraViewModeProtocol.swift */; };
		EA86D5CE2ACAECBA00A07E3E /* CameraMode.swift in Sources */ = {isa = PBXBuildFile; fileRef = EA86D5CD2ACAECBA00A07E3E /* CameraMode.swift */; };
		EA86D5D02ACAED7B00A07E3E /* CameraViewModel.swift in Sources */ = {isa = PBXBuildFile; fileRef = EA86D5CF2ACAED7B00A07E3E /* CameraViewModel.swift */; };
		EA86D5D32ACAEE5400A07E3E /* DBService.swift in Sources */ = {isa = PBXBuildFile; fileRef = EA86D5D22ACAEE5400A07E3E /* DBService.swift */; };
/* End PBXBuildFile section */

/* Begin PBXFileReference section */
		EA86D5B02ACAEA8A00A07E3E /* MVVM.app */ = {isa = PBXFileReference; explicitFileType = wrapper.application; includeInIndex = 0; path = MVVM.app; sourceTree = BUILT_PRODUCTS_DIR; };
		EA86D5B32ACAEA8A00A07E3E /* AppDelegate.swift */ = {isa = PBXFileReference; lastKnownFileType = sourcecode.swift; path = AppDelegate.swift; sourceTree = "<group>"; };
		EA86D5B52ACAEA8A00A07E3E /* SceneDelegate.swift */ = {isa = PBXFileReference; lastKnownFileType = sourcecode.swift; path = SceneDelegate.swift; sourceTree = "<group>"; };
		EA86D5B72ACAEA8A00A07E3E /* ViewController.swift */ = {isa = PBXFileReference; lastKnownFileType = sourcecode.swift; path = ViewController.swift; sourceTree = "<group>"; };
		EA86D5BA2ACAEA8A00A07E3E /* Base */ = {isa = PBXFileReference; lastKnownFileType = file.storyboard; name = Base; path = Base.lproj/Main.storyboard; sourceTree = "<group>"; };
		EA86D5BC2ACAEA8B00A07E3E /* Assets.xcassets */ = {isa = PBXFileReference; lastKnownFileType = folder.assetcatalog; path = Assets.xcassets; sourceTree = "<group>"; };
		EA86D5BF2ACAEA8B00A07E3E /* Base */ = {isa = PBXFileReference; lastKnownFileType = file.storyboard; name = Base; path = Base.lproj/LaunchScreen.storyboard; sourceTree = "<group>"; };
		EA86D5C12ACAEA8B00A07E3E /* Info.plist */ = {isa = PBXFileReference; lastKnownFileType = text.plist.xml; path = Info.plist; sourceTree = "<group>"; };
		EA86D5CA2ACAEBBB00A07E3E /* CameraViewModeProtocol.swift */ = {isa = PBXFileReference; lastKnownFileType = sourcecode.swift; path = CameraViewModeProtocol.swift; sourceTree = "<group>"; };
		EA86D5CD2ACAECBA00A07E3E /* CameraMode.swift */ = {isa = PBXFileReference; lastKnownFileType = sourcecode.swift; path = CameraMode.swift; sourceTree = "<group>"; };
		EA86D5CF2ACAED7B00A07E3E /* CameraViewModel.swift */ = {isa = PBXFileReference; lastKnownFileType = sourcecode.swift; path = CameraViewModel.swift; sourceTree = "<group>"; };
		EA86D5D22ACAEE5400A07E3E /* DBService.swift */ = {isa = PBXFileReference; lastKnownFileType = sourcecode.swift; path = DBService.swift; sourceTree = "<group>"; };
/* End PBXFileReference section */

/* Begin PBXFrameworksBuildPhase section */
		EA86D5AD2ACAEA8A00A07E3E /* Frameworks */ = {
			isa = PBXFrameworksBuildPhase;
			buildActionMask = 2147483647;
			files = (
			);
			runOnlyForDeploymentPostprocessing = 0;
		};
/* End PBXFrameworksBuildPhase section */

/* Begin PBXGroup section */
		EA86D5A72ACAEA8A00A07E3E = {
			isa = PBXGroup;
			children = (
				EA86D5B22ACAEA8A00A07E3E /* MVVM */,
				EA86D5B12ACAEA8A00A07E3E /* Products */,
			);
			sourceTree = "<group>";
		};
		EA86D5B12ACAEA8A00A07E3E /* Products */ = {
			isa = PBXGroup;
			children = (
				EA86D5B02ACAEA8A00A07E3E /* MVVM.app */,
			);
			name = Products;
			sourceTree = "<group>";
		};
		EA86D5B22ACAEA8A00A07E3E /* MVVM */ = {
			isa = PBXGroup;
			children = (
				EA86D5D12ACAEE1C00A07E3E /* Service */,
				EA86D5CC2ACAECA300A07E3E /* Models */,
				EA86D5C72ACAEAC600A07E3E /* Application */,
				EA86D5C92ACAEB4A00A07E3E /* Camera */,
				EA86D5C82ACAEAF500A07E3E /* Resources */,
			);
			path = MVVM;
			sourceTree = "<group>";
		};
		EA86D5C72ACAEAC600A07E3E /* Application */ = {
			isa = PBXGroup;
			children = (
				EA86D5B32ACAEA8A00A07E3E /* AppDelegate.swift */,
				EA86D5B52ACAEA8A00A07E3E /* SceneDelegate.swift */,
			);
			path = Application;
			sourceTree = "<group>";
		};
		EA86D5C82ACAEAF500A07E3E /* Resources */ = {
			isa = PBXGroup;
			children = (
				EA86D5BE2ACAEA8B00A07E3E /* LaunchScreen.storyboard */,
				EA86D5BC2ACAEA8B00A07E3E /* Assets.xcassets */,
				EA86D5C12ACAEA8B00A07E3E /* Info.plist */,
			);
			path = Resources;
			sourceTree = "<group>";
		};
		EA86D5C92ACAEB4A00A07E3E /* Camera */ = {
			isa = PBXGroup;
			children = (
				EA86D5B72ACAEA8A00A07E3E /* ViewController.swift */,
				EA86D5B92ACAEA8A00A07E3E /* Main.storyboard */,
				EA86D5CA2ACAEBBB00A07E3E /* CameraViewModeProtocol.swift */,
				EA86D5CF2ACAED7B00A07E3E /* CameraViewModel.swift */,
			);
			path = Camera;
			sourceTree = "<group>";
		};
		EA86D5CC2ACAECA300A07E3E /* Models */ = {
			isa = PBXGroup;
			children = (
				EA86D5CD2ACAECBA00A07E3E /* CameraMode.swift */,
			);
			path = Models;
			sourceTree = "<group>";
		};
		EA86D5D12ACAEE1C00A07E3E /* Service */ = {
			isa = PBXGroup;
			children = (
				EA86D5D22ACAEE5400A07E3E /* DBService.swift */,
			);
			path = Service;
			sourceTree = "<group>";
		};
/* End PBXGroup section */

/* Begin PBXNativeTarget section */
		EA86D5AF2ACAEA8A00A07E3E /* MVVM */ = {
			isa = PBXNativeTarget;
			buildConfigurationList = EA86D5C42ACAEA8B00A07E3E /* Build configuration list for PBXNativeTarget "MVVM" */;
			buildPhases = (
				EA86D5AC2ACAEA8A00A07E3E /* Sources */,
				EA86D5AD2ACAEA8A00A07E3E /* Frameworks */,
				EA86D5AE2ACAEA8A00A07E3E /* Resources */,
			);
			buildRules = (
			);
			dependencies = (
			);
			name = MVVM;
			productName = MVVM;
			productReference = EA86D5B02ACAEA8A00A07E3E /* MVVM.app */;
			productType = "com.apple.product-type.application";
		};
/* End PBXNativeTarget section */

/* Begin PBXProject section */
		EA86D5A82ACAEA8A00A07E3E /* Project object */ = {
			isa = PBXProject;
			attributes = {
				BuildIndependentTargetsInParallel = 1;
				LastSwiftUpdateCheck = 1500;
				LastUpgradeCheck = 1500;
				TargetAttributes = {
					EA86D5AF2ACAEA8A00A07E3E = {
						CreatedOnToolsVersion = 15.0;
					};
				};
			};
			buildConfigurationList = EA86D5AB2ACAEA8A00A07E3E /* Build configuration list for PBXProject "MVVM" */;
			compatibilityVersion = "Xcode 14.0";
			developmentRegion = en;
			hasScannedForEncodings = 0;
			knownRegions = (
				en,
				Base,
			);
			mainGroup = EA86D5A72ACAEA8A00A07E3E;
			productRefGroup = EA86D5B12ACAEA8A00A07E3E /* Products */;
			projectDirPath = "";
			projectRoot = "";
			targets = (
				EA86D5AF2ACAEA8A00A07E3E /* MVVM */,
			);
		};
/* End PBXProject section */

/* Begin PBXResourcesBuildPhase section */
		EA86D5AE2ACAEA8A00A07E3E /* Resources */ = {
			isa = PBXResourcesBuildPhase;
			buildActionMask = 2147483647;
			files = (
				EA86D5C02ACAEA8B00A07E3E /* LaunchScreen.storyboard in Resources */,
				EA86D5BD2ACAEA8B00A07E3E /* Assets.xcassets in Resources */,
				EA86D5BB2ACAEA8A00A07E3E /* Main.storyboard in Resources */,
			);
			runOnlyForDeploymentPostprocessing = 0;
		};
/* End PBXResourcesBuildPhase section */

/* Begin PBXSourcesBuildPhase section */
		EA86D5AC2ACAEA8A00A07E3E /* Sources */ = {
			isa = PBXSourcesBuildPhase;
			buildActionMask = 2147483647;
			files = (
				EA86D5CE2ACAECBA00A07E3E /* CameraMode.swift in Sources */,
				EA86D5B82ACAEA8A00A07E3E /* ViewController.swift in Sources */,
				EA86D5B42ACAEA8A00A07E3E /* AppDelegate.swift in Sources */,
				EA86D5D32ACAEE5400A07E3E /* DBService.swift in Sources */,
				EA86D5CB2ACAEBBC00A07E3E /* CameraViewModeProtocol.swift in Sources */,
				EA86D5B62ACAEA8A00A07E3E /* SceneDelegate.swift in Sources */,
				EA86D5D02ACAED7B00A07E3E /* CameraViewModel.swift in Sources */,
			);
			runOnlyForDeploymentPostprocessing = 0;
		};
/* End PBXSourcesBuildPhase section */

/* Begin PBXVariantGroup section */
		EA86D5B92ACAEA8A00A07E3E /* Main.storyboard */ = {
			isa = PBXVariantGroup;
			children = (
				EA86D5BA2ACAEA8A00A07E3E /* Base */,
			);
			name = Main.storyboard;
			sourceTree = "<group>";
		};
		EA86D5BE2ACAEA8B00A07E3E /* LaunchScreen.storyboard */ = {
			isa = PBXVariantGroup;
			children = (
				EA86D5BF2ACAEA8B00A07E3E /* Base */,
			);
			name = LaunchScreen.storyboard;
			sourceTree = "<group>";
		};
/* End PBXVariantGroup section */

/* Begin XCBuildConfiguration section */
		EA86D5C22ACAEA8B00A07E3E /* Debug */ = {
			isa = XCBuildConfiguration;
			buildSettings = {
				ALWAYS_SEARCH_USER_PATHS = NO;
				ASSETCATALOG_COMPILER_GENERATE_SWIFT_ASSET_SYMBOL_EXTENSIONS = YES;
				CLANG_ANALYZER_NONNULL = YES;
				CLANG_ANALYZER_NUMBER_OBJECT_CONVERSION = YES_AGGRESSIVE;
				CLANG_CXX_LANGUAGE_STANDARD = "gnu++20";
				CLANG_ENABLE_MODULES = YES;
				CLANG_ENABLE_OBJC_ARC = YES;
				CLANG_ENABLE_OBJC_WEAK = YES;
				CLANG_WARN_BLOCK_CAPTURE_AUTORELEASING = YES;
				CLANG_WARN_BOOL_CONVERSION = YES;
				CLANG_WARN_COMMA = YES;
				CLANG_WARN_CONSTANT_CONVERSION = YES;
				CLANG_WARN_DEPRECATED_OBJC_IMPLEMENTATIONS = YES;
				CLANG_WARN_DIRECT_OBJC_ISA_USAGE = YES_ERROR;
				CLANG_WARN_DOCUMENTATION_COMMENTS = YES;
				CLANG_WARN_EMPTY_BODY = YES;
				CLANG_WARN_ENUM_CONVERSION = YES;
				CLANG_WARN_INFINITE_RECURSION = YES;
				CLANG_WARN_INT_CONVERSION = YES;
				CLANG_WARN_NON_LITERAL_NULL_CONVERSION = YES;
				CLANG_WARN_OBJC_IMPLICIT_RETAIN_SELF = YES;
				CLANG_WARN_OBJC_LITERAL_CONVERSION = YES;
				CLANG_WARN_OBJC_ROOT_CLASS = YES_ERROR;
				CLANG_WARN_QUOTED_INCLUDE_IN_FRAMEWORK_HEADER = YES;
				CLANG_WARN_RANGE_LOOP_ANALYSIS = YES;
				CLANG_WARN_STRICT_PROTOTYPES = YES;
				CLANG_WARN_SUSPICIOUS_MOVE = YES;
				CLANG_WARN_UNGUARDED_AVAILABILITY = YES_AGGRESSIVE;
				CLANG_WARN_UNREACHABLE_CODE = YES;
				CLANG_WARN__DUPLICATE_METHOD_MATCH = YES;
				COPY_PHASE_STRIP = NO;
				DEBUG_INFORMATION_FORMAT = dwarf;
				ENABLE_STRICT_OBJC_MSGSEND = YES;
				ENABLE_TESTABILITY = YES;
				ENABLE_USER_SCRIPT_SANDBOXING = YES;
				GCC_C_LANGUAGE_STANDARD = gnu17;
				GCC_DYNAMIC_NO_PIC = NO;
				GCC_NO_COMMON_BLOCKS = YES;
				GCC_OPTIMIZATION_LEVEL = 0;
				GCC_PREPROCESSOR_DEFINITIONS = (
					"DEBUG=1",
					"$(inherited)",
				);
				GCC_WARN_64_TO_32_BIT_CONVERSION = YES;
				GCC_WARN_ABOUT_RETURN_TYPE = YES_ERROR;
				GCC_WARN_UNDECLARED_SELECTOR = YES;
				GCC_WARN_UNINITIALIZED_AUTOS = YES_AGGRESSIVE;
				GCC_WARN_UNUSED_FUNCTION = YES;
				GCC_WARN_UNUSED_VARIABLE = YES;
				IPHONEOS_DEPLOYMENT_TARGET = 17.0;
				LOCALIZATION_PREFERS_STRING_CATALOGS = YES;
				MTL_ENABLE_DEBUG_INFO = INCLUDE_SOURCE;
				MTL_FAST_MATH = YES;
				ONLY_ACTIVE_ARCH = YES;
				SDKROOT = iphoneos;
				SWIFT_ACTIVE_COMPILATION_CONDITIONS = "DEBUG $(inherited)";
				SWIFT_OPTIMIZATION_LEVEL = "-Onone";
			};
			name = Debug;
		};
		EA86D5C32ACAEA8B00A07E3E /* Release */ = {
			isa = XCBuildConfiguration;
			buildSettings = {
				ALWAYS_SEARCH_USER_PATHS = NO;
				ASSETCATALOG_COMPILER_GENERATE_SWIFT_ASSET_SYMBOL_EXTENSIONS = YES;
				CLANG_ANALYZER_NONNULL = YES;
				CLANG_ANALYZER_NUMBER_OBJECT_CONVERSION = YES_AGGRESSIVE;
				CLANG_CXX_LANGUAGE_STANDARD = "gnu++20";
				CLANG_ENABLE_MODULES = YES;
				CLANG_ENABLE_OBJC_ARC = YES;
				CLANG_ENABLE_OBJC_WEAK = YES;
				CLANG_WARN_BLOCK_CAPTURE_AUTORELEASING = YES;
				CLANG_WARN_BOOL_CONVERSION = YES;
				CLANG_WARN_COMMA = YES;
				CLANG_WARN_CONSTANT_CONVERSION = YES;
				CLANG_WARN_DEPRECATED_OBJC_IMPLEMENTATIONS = YES;
				CLANG_WARN_DIRECT_OBJC_ISA_USAGE = YES_ERROR;
				CLANG_WARN_DOCUMENTATION_COMMENTS = YES;
				CLANG_WARN_EMPTY_BODY = YES;
				CLANG_WARN_ENUM_CONVERSION = YES;
				CLANG_WARN_INFINITE_RECURSION = YES;
				CLANG_WARN_INT_CONVERSION = YES;
				CLANG_WARN_NON_LITERAL_NULL_CONVERSION = YES;
				CLANG_WARN_OBJC_IMPLICIT_RETAIN_SELF = YES;
				CLANG_WARN_OBJC_LITERAL_CONVERSION = YES;
				CLANG_WARN_OBJC_ROOT_CLASS = YES_ERROR;
				CLANG_WARN_QUOTED_INCLUDE_IN_FRAMEWORK_HEADER = YES;
				CLANG_WARN_RANGE_LOOP_ANALYSIS = YES;
				CLANG_WARN_STRICT_PROTOTYPES = YES;
				CLANG_WARN_SUSPICIOUS_MOVE = YES;
				CLANG_WARN_UNGUARDED_AVAILABILITY = YES_AGGRESSIVE;
				CLANG_WARN_UNREACHABLE_CODE = YES;
				CLANG_WARN__DUPLICATE_METHOD_MATCH = YES;
				COPY_PHASE_STRIP = NO;
				DEBUG_INFORMATION_FORMAT = "dwarf-with-dsym";
				ENABLE_NS_ASSERTIONS = NO;
				ENABLE_STRICT_OBJC_MSGSEND = YES;
				ENABLE_USER_SCRIPT_SANDBOXING = YES;
				GCC_C_LANGUAGE_STANDARD = gnu17;
				GCC_NO_COMMON_BLOCKS = YES;
				GCC_WARN_64_TO_32_BIT_CONVERSION = YES;
				GCC_WARN_ABOUT_RETURN_TYPE = YES_ERROR;
				GCC_WARN_UNDECLARED_SELECTOR = YES;
				GCC_WARN_UNINITIALIZED_AUTOS = YES_AGGRESSIVE;
				GCC_WARN_UNUSED_FUNCTION = YES;
				GCC_WARN_UNUSED_VARIABLE = YES;
				IPHONEOS_DEPLOYMENT_TARGET = 17.0;
				LOCALIZATION_PREFERS_STRING_CATALOGS = YES;
				MTL_ENABLE_DEBUG_INFO = NO;
				MTL_FAST_MATH = YES;
				SDKROOT = iphoneos;
				SWIFT_COMPILATION_MODE = wholemodule;
				VALIDATE_PRODUCT = YES;
			};
			name = Release;
		};
		EA86D5C52ACAEA8B00A07E3E /* Debug */ = {
			isa = XCBuildConfiguration;
			buildSettings = {
				ASSETCATALOG_COMPILER_APPICON_NAME = AppIcon;
				ASSETCATALOG_COMPILER_GLOBAL_ACCENT_COLOR_NAME = AccentColor;
				CODE_SIGN_STYLE = Automatic;
				CURRENT_PROJECT_VERSION = 1;
				DEVELOPMENT_TEAM = 532T45L6HD;
				GENERATE_INFOPLIST_FILE = YES;
				INFOPLIST_FILE = MVVM/Resources/Info.plist;
				INFOPLIST_KEY_UIApplicationSupportsIndirectInputEvents = YES;
				INFOPLIST_KEY_UILaunchStoryboardName = LaunchScreen;
				INFOPLIST_KEY_UIMainStoryboardFile = Main;
				INFOPLIST_KEY_UISupportedInterfaceOrientations_iPad = "UIInterfaceOrientationPortrait UIInterfaceOrientationPortraitUpsideDown UIInterfaceOrientationLandscapeLeft UIInterfaceOrientationLandscapeRight";
				INFOPLIST_KEY_UISupportedInterfaceOrientations_iPhone = "UIInterfaceOrientationPortrait UIInterfaceOrientationLandscapeLeft UIInterfaceOrientationLandscapeRight";
				LD_RUNPATH_SEARCH_PATHS = (
					"$(inherited)",
					"@executable_path/Frameworks",
				);
				MARKETING_VERSION = 1.0;
				PRODUCT_BUNDLE_IDENTIFIER = example.MVVM;
				PRODUCT_NAME = "$(TARGET_NAME)";
				SWIFT_EMIT_LOC_STRINGS = YES;
				SWIFT_VERSION = 5.0;
				TARGETED_DEVICE_FAMILY = "1,2";
			};
			name = Debug;
		};
		EA86D5C62ACAEA8B00A07E3E /* Release */ = {
			isa = XCBuildConfiguration;
			buildSettings = {
				ASSETCATALOG_COMPILER_APPICON_NAME = AppIcon;
				ASSETCATALOG_COMPILER_GLOBAL_ACCENT_COLOR_NAME = AccentColor;
				CODE_SIGN_STYLE = Automatic;
				CURRENT_PROJECT_VERSION = 1;
				DEVELOPMENT_TEAM = 532T45L6HD;
				GENERATE_INFOPLIST_FILE = YES;
				INFOPLIST_FILE = MVVM/Resources/Info.plist;
				INFOPLIST_KEY_UIApplicationSupportsIndirectInputEvents = YES;
				INFOPLIST_KEY_UILaunchStoryboardName = LaunchScreen;
				INFOPLIST_KEY_UIMainStoryboardFile = Main;
				INFOPLIST_KEY_UISupportedInterfaceOrientations_iPad = "UIInterfaceOrientationPortrait UIInterfaceOrientationPortraitUpsideDown UIInterfaceOrientationLandscapeLeft UIInterfaceOrientationLandscapeRight";
				INFOPLIST_KEY_UISupportedInterfaceOrientations_iPhone = "UIInterfaceOrientationPortrait UIInterfaceOrientationLandscapeLeft UIInterfaceOrientationLandscapeRight";
				LD_RUNPATH_SEARCH_PATHS = (
					"$(inherited)",
					"@executable_path/Frameworks",
				);
				MARKETING_VERSION = 1.0;
				PRODUCT_BUNDLE_IDENTIFIER = example.MVVM;
				PRODUCT_NAME = "$(TARGET_NAME)";
				SWIFT_EMIT_LOC_STRINGS = YES;
				SWIFT_VERSION = 5.0;
				TARGETED_DEVICE_FAMILY = "1,2";
			};
			name = Release;
		};
/* End XCBuildConfiguration section */

/* Begin XCConfigurationList section */
		EA86D5AB2ACAEA8A00A07E3E /* Build configuration list for PBXProject "MVVM" */ = {
			isa = XCConfigurationList;
			buildConfigurations = (
				EA86D5C22ACAEA8B00A07E3E /* Debug */,
				EA86D5C32ACAEA8B00A07E3E /* Release */,
			);
			defaultConfigurationIsVisible = 0;
			defaultConfigurationName = Release;
		};
		EA86D5C42ACAEA8B00A07E3E /* Build configuration list for PBXNativeTarget "MVVM" */ = {
			isa = XCConfigurationList;
			buildConfigurations = (
				EA86D5C52ACAEA8B00A07E3E /* Debug */,
				EA86D5C62ACAEA8B00A07E3E /* Release */,
			);
			defaultConfigurationIsVisible = 0;
			defaultConfigurationName = Release;
		};
/* End XCConfigurationList section */
	};
	rootObject = EA86D5A82ACAEA8A00A07E3E /* Project object */;
}
